// !$*UTF8*$!
{
	archiveVersion = 1;
	classes = {
	};
	objectVersion = 46;
	objects = {

/* Begin PBXBuildFile section */
		49044D1F180AD5AB0006F567 /* OutletCell.m in Sources */ = {isa = PBXBuildFile; fileRef = 49044D1E180AD5AB0006F567 /* OutletCell.m */; };
		491641FF180C58BB00080B87 /* gear.png in Resources */ = {isa = PBXBuildFile; fileRef = 491641FD180C58BB00080B87 /* gear.png */; };
		49164200180C58BB00080B87 /* home.png in Resources */ = {isa = PBXBuildFile; fileRef = 491641FE180C58BB00080B87 /* home.png */; };
		49164203180C590C00080B87 /* list_icon.png in Resources */ = {isa = PBXBuildFile; fileRef = 49164201180C590C00080B87 /* list_icon.png */; };
		49164204180C590C00080B87 /* photo_icon.png in Resources */ = {isa = PBXBuildFile; fileRef = 49164202180C590C00080B87 /* photo_icon.png */; };
		49669B0F180CECE200089254 /* MenuTableViewController.m in Sources */ = {isa = PBXBuildFile; fileRef = 49669B0E180CECE200089254 /* MenuTableViewController.m */; };
		49669B15180CED1D00089254 /* Dish.m in Sources */ = {isa = PBXBuildFile; fileRef = 49669B14180CED1D00089254 /* Dish.m */; };
		49669B18180CED2D00089254 /* User.m in Sources */ = {isa = PBXBuildFile; fileRef = 49669B17180CED2D00089254 /* User.m */; };
		49669B1B180CF2A000089254 /* MenuPhotoCell.m in Sources */ = {isa = PBXBuildFile; fileRef = 49669B1A180CF2A000089254 /* MenuPhotoCell.m */; };
		497DD71C180C5B8600316138 /* bottom_buttons.png in Resources */ = {isa = PBXBuildFile; fileRef = 497DD71B180C5B8600316138 /* bottom_buttons.png */; };
		4989729F180C8C9F0090DA75 /* MenuListCell.m in Sources */ = {isa = PBXBuildFile; fileRef = 4989729E180C8C9F0090DA75 /* MenuListCell.m */; };
		4999A2071809518C00270B0B /* FacebookSDK.framework in Frameworks */ = {isa = PBXBuildFile; fileRef = 4999A2061809518C00270B0B /* FacebookSDK.framework */; };
		4999A20E180A506100270B0B /* OutletsTableViewController.m in Sources */ = {isa = PBXBuildFile; fileRef = 4999A20D180A506100270B0B /* OutletsTableViewController.m */; };
		4999A212180A50EC00270B0B /* Outlet.m in Sources */ = {isa = PBXBuildFile; fileRef = 4999A211180A50EC00270B0B /* Outlet.m */; };
		4999A216180A744100270B0B /* URLImageView.m in Sources */ = {isa = PBXBuildFile; fileRef = 4999A215180A744100270B0B /* URLImageView.m */; };
		49CAFC52180BB9F10058C900 /* X-Large_278x44_glowy.png in Resources */ = {isa = PBXBuildFile; fileRef = 49CAFC51180BB9F10058C900 /* X-Large_278x44_glowy.png */; };
		49CB796D180C631300F530C5 /* MenuViewController.m in Sources */ = {isa = PBXBuildFile; fileRef = 49CB796C180C631300F530C5 /* MenuViewController.m */; };
		49CB7970180C68C500F530C5 /* AuthViewController.m in Sources */ = {isa = PBXBuildFile; fileRef = 49CB796F180C68C500F530C5 /* AuthViewController.m */; };
		49CB7972180C6C4000F530C5 /* icon_256px_unfilled.png in Resources */ = {isa = PBXBuildFile; fileRef = 49CB7971180C6C4000F530C5 /* icon_256px_unfilled.png */; };
		49CB7975180C6D9400F530C5 /* LoginViewController.m in Sources */ = {isa = PBXBuildFile; fileRef = 49CB7974180C6D9400F530C5 /* LoginViewController.m */; };
		49F107E3180886D600D2C8DD /* Foundation.framework in Frameworks */ = {isa = PBXBuildFile; fileRef = 49F107E2180886D600D2C8DD /* Foundation.framework */; };
		49F107E5180886D600D2C8DD /* CoreGraphics.framework in Frameworks */ = {isa = PBXBuildFile; fileRef = 49F107E4180886D600D2C8DD /* CoreGraphics.framework */; };
		49F107E7180886D600D2C8DD /* UIKit.framework in Frameworks */ = {isa = PBXBuildFile; fileRef = 49F107E6180886D600D2C8DD /* UIKit.framework */; };
		49F107ED180886D600D2C8DD /* InfoPlist.strings in Resources */ = {isa = PBXBuildFile; fileRef = 49F107EB180886D600D2C8DD /* InfoPlist.strings */; };
		49F107EF180886D600D2C8DD /* main.m in Sources */ = {isa = PBXBuildFile; fileRef = 49F107EE180886D600D2C8DD /* main.m */; };
		49F107F3180886D600D2C8DD /* AppDelegate.m in Sources */ = {isa = PBXBuildFile; fileRef = 49F107F2180886D600D2C8DD /* AppDelegate.m */; };
		49F107F6180886D600D2C8DD /* Main.storyboard in Resources */ = {isa = PBXBuildFile; fileRef = 49F107F4180886D600D2C8DD /* Main.storyboard */; };
		49F107FE180886D600D2C8DD /* Images.xcassets in Resources */ = {isa = PBXBuildFile; fileRef = 49F107FD180886D600D2C8DD /* Images.xcassets */; };
		49F10805180886D600D2C8DD /* XCTest.framework in Frameworks */ = {isa = PBXBuildFile; fileRef = 49F10804180886D600D2C8DD /* XCTest.framework */; };
		49F10806180886D600D2C8DD /* Foundation.framework in Frameworks */ = {isa = PBXBuildFile; fileRef = 49F107E2180886D600D2C8DD /* Foundation.framework */; };
		49F10807180886D600D2C8DD /* UIKit.framework in Frameworks */ = {isa = PBXBuildFile; fileRef = 49F107E6180886D600D2C8DD /* UIKit.framework */; };
		49F1080F180886D600D2C8DD /* InfoPlist.strings in Resources */ = {isa = PBXBuildFile; fileRef = 49F1080D180886D600D2C8DD /* InfoPlist.strings */; };
		49F10811180886D600D2C8DD /* BigSpoonDinerTests.m in Sources */ = {isa = PBXBuildFile; fileRef = 49F10810180886D600D2C8DD /* BigSpoonDinerTests.m */; };
		E951D784180EE285002BE045 /* OrderHistoryViewController.m in Sources */ = {isa = PBXBuildFile; fileRef = E951D783180EE285002BE045 /* OrderHistoryViewController.m */; };
		E9B7A29E180D3CA0009B6BD1 /* PastOrderView.m in Sources */ = {isa = PBXBuildFile; fileRef = E9B7A29C180D3CA0009B6BD1 /* PastOrderView.m */; };
		E9B7A29F180D3CA0009B6BD1 /* PastOrderView.xib in Resources */ = {isa = PBXBuildFile; fileRef = E9B7A29D180D3CA0009B6BD1 /* PastOrderView.xib */; };
/* End PBXBuildFile section */

/* Begin PBXContainerItemProxy section */
		49F10808180886D600D2C8DD /* PBXContainerItemProxy */ = {
			isa = PBXContainerItemProxy;
			containerPortal = 49F107D7180886D600D2C8DD /* Project object */;
			proxyType = 1;
			remoteGlobalIDString = 49F107DE180886D600D2C8DD;
			remoteInfo = BigSpoonDiner;
		};
/* End PBXContainerItemProxy section */

/* Begin PBXFileReference section */
		49044D1D180AD5AB0006F567 /* OutletCell.h */ = {isa = PBXFileReference; fileEncoding = 4; lastKnownFileType = sourcecode.c.h; path = OutletCell.h; sourceTree = "<group>"; };
		49044D1E180AD5AB0006F567 /* OutletCell.m */ = {isa = PBXFileReference; fileEncoding = 4; lastKnownFileType = sourcecode.c.objc; path = OutletCell.m; sourceTree = "<group>"; };
		491641FD180C58BB00080B87 /* gear.png */ = {isa = PBXFileReference; lastKnownFileType = image.png; path = gear.png; sourceTree = "<group>"; };
		491641FE180C58BB00080B87 /* home.png */ = {isa = PBXFileReference; lastKnownFileType = image.png; path = home.png; sourceTree = "<group>"; };
		49164201180C590C00080B87 /* list_icon.png */ = {isa = PBXFileReference; lastKnownFileType = image.png; path = list_icon.png; sourceTree = "<group>"; };
		49164202180C590C00080B87 /* photo_icon.png */ = {isa = PBXFileReference; lastKnownFileType = image.png; path = photo_icon.png; sourceTree = "<group>"; };
		49669B0D180CECE200089254 /* MenuTableViewController.h */ = {isa = PBXFileReference; fileEncoding = 4; lastKnownFileType = sourcecode.c.h; path = MenuTableViewController.h; sourceTree = "<group>"; };
		49669B0E180CECE200089254 /* MenuTableViewController.m */ = {isa = PBXFileReference; fileEncoding = 4; lastKnownFileType = sourcecode.c.objc; path = MenuTableViewController.m; sourceTree = "<group>"; };
		49669B13180CED1D00089254 /* Dish.h */ = {isa = PBXFileReference; fileEncoding = 4; lastKnownFileType = sourcecode.c.h; path = Dish.h; sourceTree = "<group>"; };
		49669B14180CED1D00089254 /* Dish.m */ = {isa = PBXFileReference; fileEncoding = 4; lastKnownFileType = sourcecode.c.objc; path = Dish.m; sourceTree = "<group>"; };
		49669B16180CED2D00089254 /* User.h */ = {isa = PBXFileReference; fileEncoding = 4; lastKnownFileType = sourcecode.c.h; path = User.h; sourceTree = "<group>"; };
		49669B17180CED2D00089254 /* User.m */ = {isa = PBXFileReference; fileEncoding = 4; lastKnownFileType = sourcecode.c.objc; path = User.m; sourceTree = "<group>"; };
		49669B19180CF2A000089254 /* MenuPhotoCell.h */ = {isa = PBXFileReference; fileEncoding = 4; lastKnownFileType = sourcecode.c.h; path = MenuPhotoCell.h; sourceTree = "<group>"; };
		49669B1A180CF2A000089254 /* MenuPhotoCell.m */ = {isa = PBXFileReference; fileEncoding = 4; lastKnownFileType = sourcecode.c.objc; path = MenuPhotoCell.m; sourceTree = "<group>"; };
		497DD71B180C5B8600316138 /* bottom_buttons.png */ = {isa = PBXFileReference; lastKnownFileType = image.png; path = bottom_buttons.png; sourceTree = "<group>"; };
		4989729D180C8C9F0090DA75 /* MenuListCell.h */ = {isa = PBXFileReference; fileEncoding = 4; lastKnownFileType = sourcecode.c.h; path = MenuListCell.h; sourceTree = "<group>"; };
		4989729E180C8C9F0090DA75 /* MenuListCell.m */ = {isa = PBXFileReference; fileEncoding = 4; lastKnownFileType = sourcecode.c.objc; path = MenuListCell.m; sourceTree = "<group>"; };
		4999A2061809518C00270B0B /* FacebookSDK.framework */ = {isa = PBXFileReference; lastKnownFileType = wrapper.framework; path = FacebookSDK.framework; sourceTree = "<group>"; };
		4999A20C180A506100270B0B /* OutletsTableViewController.h */ = {isa = PBXFileReference; fileEncoding = 4; lastKnownFileType = sourcecode.c.h; path = OutletsTableViewController.h; sourceTree = "<group>"; };
		4999A20D180A506100270B0B /* OutletsTableViewController.m */ = {isa = PBXFileReference; fileEncoding = 4; lastKnownFileType = sourcecode.c.objc; path = OutletsTableViewController.m; sourceTree = "<group>"; };
		4999A210180A50EC00270B0B /* Outlet.h */ = {isa = PBXFileReference; fileEncoding = 4; lastKnownFileType = sourcecode.c.h; path = Outlet.h; sourceTree = "<group>"; };
		4999A211180A50EC00270B0B /* Outlet.m */ = {isa = PBXFileReference; fileEncoding = 4; lastKnownFileType = sourcecode.c.objc; path = Outlet.m; sourceTree = "<group>"; };
		4999A214180A744100270B0B /* URLImageView.h */ = {isa = PBXFileReference; fileEncoding = 4; lastKnownFileType = sourcecode.c.h; path = URLImageView.h; sourceTree = "<group>"; };
		4999A215180A744100270B0B /* URLImageView.m */ = {isa = PBXFileReference; fileEncoding = 4; lastKnownFileType = sourcecode.c.objc; name = URLImageView.m; path = BigSpoonDiner/URLImageView.m; sourceTree = "<group>"; };
		49CAFC51180BB9F10058C900 /* X-Large_278x44_glowy.png */ = {isa = PBXFileReference; lastKnownFileType = image.png; path = "X-Large_278x44_glowy.png"; sourceTree = "<group>"; };
		49CB796B180C631300F530C5 /* MenuViewController.h */ = {isa = PBXFileReference; fileEncoding = 4; lastKnownFileType = sourcecode.c.h; path = MenuViewController.h; sourceTree = "<group>"; };
		49CB796C180C631300F530C5 /* MenuViewController.m */ = {isa = PBXFileReference; fileEncoding = 4; lastKnownFileType = sourcecode.c.objc; path = MenuViewController.m; sourceTree = "<group>"; };
		49CB796E180C68C500F530C5 /* AuthViewController.h */ = {isa = PBXFileReference; fileEncoding = 4; lastKnownFileType = sourcecode.c.h; path = AuthViewController.h; sourceTree = "<group>"; };
		49CB796F180C68C500F530C5 /* AuthViewController.m */ = {isa = PBXFileReference; fileEncoding = 4; lastKnownFileType = sourcecode.c.objc; path = AuthViewController.m; sourceTree = "<group>"; };
		49CB7971180C6C4000F530C5 /* icon_256px_unfilled.png */ = {isa = PBXFileReference; lastKnownFileType = image.png; path = icon_256px_unfilled.png; sourceTree = "<group>"; };
		49CB7973180C6D9400F530C5 /* LoginViewController.h */ = {isa = PBXFileReference; fileEncoding = 4; lastKnownFileType = sourcecode.c.h; path = LoginViewController.h; sourceTree = "<group>"; };
		49CB7974180C6D9400F530C5 /* LoginViewController.m */ = {isa = PBXFileReference; fileEncoding = 4; lastKnownFileType = sourcecode.c.objc; path = LoginViewController.m; sourceTree = "<group>"; };
		49F107DF180886D600D2C8DD /* BigSpoonDiner.app */ = {isa = PBXFileReference; explicitFileType = wrapper.application; includeInIndex = 0; path = BigSpoonDiner.app; sourceTree = BUILT_PRODUCTS_DIR; };
		49F107E2180886D600D2C8DD /* Foundation.framework */ = {isa = PBXFileReference; lastKnownFileType = wrapper.framework; name = Foundation.framework; path = System/Library/Frameworks/Foundation.framework; sourceTree = SDKROOT; };
		49F107E4180886D600D2C8DD /* CoreGraphics.framework */ = {isa = PBXFileReference; lastKnownFileType = wrapper.framework; name = CoreGraphics.framework; path = System/Library/Frameworks/CoreGraphics.framework; sourceTree = SDKROOT; };
		49F107E6180886D600D2C8DD /* UIKit.framework */ = {isa = PBXFileReference; lastKnownFileType = wrapper.framework; name = UIKit.framework; path = System/Library/Frameworks/UIKit.framework; sourceTree = SDKROOT; };
		49F107EA180886D600D2C8DD /* BigSpoonDiner-Info.plist */ = {isa = PBXFileReference; lastKnownFileType = text.plist.xml; path = "BigSpoonDiner-Info.plist"; sourceTree = "<group>"; };
		49F107EC180886D600D2C8DD /* en */ = {isa = PBXFileReference; lastKnownFileType = text.plist.strings; name = en; path = en.lproj/InfoPlist.strings; sourceTree = "<group>"; };
		49F107EE180886D600D2C8DD /* main.m */ = {isa = PBXFileReference; lastKnownFileType = sourcecode.c.objc; path = main.m; sourceTree = "<group>"; };
		49F107F0180886D600D2C8DD /* BigSpoonDiner-Prefix.pch */ = {isa = PBXFileReference; lastKnownFileType = sourcecode.c.h; path = "BigSpoonDiner-Prefix.pch"; sourceTree = "<group>"; };
		49F107F1180886D600D2C8DD /* AppDelegate.h */ = {isa = PBXFileReference; lastKnownFileType = sourcecode.c.h; path = AppDelegate.h; sourceTree = "<group>"; };
		49F107F2180886D600D2C8DD /* AppDelegate.m */ = {isa = PBXFileReference; lastKnownFileType = sourcecode.c.objc; path = AppDelegate.m; sourceTree = "<group>"; };
		49F107F5180886D600D2C8DD /* Base */ = {isa = PBXFileReference; lastKnownFileType = file.storyboard; name = Base; path = Base.lproj/Main.storyboard; sourceTree = "<group>"; };
		49F107FD180886D600D2C8DD /* Images.xcassets */ = {isa = PBXFileReference; lastKnownFileType = folder.assetcatalog; path = Images.xcassets; sourceTree = "<group>"; };
		49F10803180886D600D2C8DD /* BigSpoonDinerTests.xctest */ = {isa = PBXFileReference; explicitFileType = wrapper.cfbundle; includeInIndex = 0; path = BigSpoonDinerTests.xctest; sourceTree = BUILT_PRODUCTS_DIR; };
		49F10804180886D600D2C8DD /* XCTest.framework */ = {isa = PBXFileReference; lastKnownFileType = wrapper.framework; name = XCTest.framework; path = Library/Frameworks/XCTest.framework; sourceTree = DEVELOPER_DIR; };
		49F1080C180886D600D2C8DD /* BigSpoonDinerTests-Info.plist */ = {isa = PBXFileReference; lastKnownFileType = text.plist.xml; path = "BigSpoonDinerTests-Info.plist"; sourceTree = "<group>"; };
		49F1080E180886D600D2C8DD /* en */ = {isa = PBXFileReference; lastKnownFileType = text.plist.strings; name = en; path = en.lproj/InfoPlist.strings; sourceTree = "<group>"; };
		49F10810180886D600D2C8DD /* BigSpoonDinerTests.m */ = {isa = PBXFileReference; lastKnownFileType = sourcecode.c.objc; path = BigSpoonDinerTests.m; sourceTree = "<group>"; };
		E951D782180EE285002BE045 /* OrderHistoryViewController.h */ = {isa = PBXFileReference; fileEncoding = 4; lastKnownFileType = sourcecode.c.h; path = OrderHistoryViewController.h; sourceTree = "<group>"; };
		E951D783180EE285002BE045 /* OrderHistoryViewController.m */ = {isa = PBXFileReference; fileEncoding = 4; lastKnownFileType = sourcecode.c.objc; path = OrderHistoryViewController.m; sourceTree = "<group>"; };
		E9B7A29B180D3CA0009B6BD1 /* PastOrderView.h */ = {isa = PBXFileReference; fileEncoding = 4; lastKnownFileType = sourcecode.c.h; path = PastOrderView.h; sourceTree = "<group>"; };
		E9B7A29C180D3CA0009B6BD1 /* PastOrderView.m */ = {isa = PBXFileReference; fileEncoding = 4; lastKnownFileType = sourcecode.c.objc; path = PastOrderView.m; sourceTree = "<group>"; };
		E9B7A29D180D3CA0009B6BD1 /* PastOrderView.xib */ = {isa = PBXFileReference; fileEncoding = 4; lastKnownFileType = file.xib; path = PastOrderView.xib; sourceTree = "<group>"; };
/* End PBXFileReference section */

/* Begin PBXFrameworksBuildPhase section */
		49F107DC180886D600D2C8DD /* Frameworks */ = {
			isa = PBXFrameworksBuildPhase;
			buildActionMask = 2147483647;
			files = (
				49F107E5180886D600D2C8DD /* CoreGraphics.framework in Frameworks */,
				4999A2071809518C00270B0B /* FacebookSDK.framework in Frameworks */,
				49F107E7180886D600D2C8DD /* UIKit.framework in Frameworks */,
				49F107E3180886D600D2C8DD /* Foundation.framework in Frameworks */,
			);
			runOnlyForDeploymentPostprocessing = 0;
		};
		49F10800180886D600D2C8DD /* Frameworks */ = {
			isa = PBXFrameworksBuildPhase;
			buildActionMask = 2147483647;
			files = (
				49F10805180886D600D2C8DD /* XCTest.framework in Frameworks */,
				49F10807180886D600D2C8DD /* UIKit.framework in Frameworks */,
				49F10806180886D600D2C8DD /* Foundation.framework in Frameworks */,
			);
			runOnlyForDeploymentPostprocessing = 0;
		};
/* End PBXFrameworksBuildPhase section */

/* Begin PBXGroup section */
		4999A208180A4FCA00270B0B /* ViewControllers */ = {
			isa = PBXGroup;
			children = (
				E951D782180EE285002BE045 /* OrderHistoryViewController.h */,
				E951D783180EE285002BE045 /* OrderHistoryViewController.m */,
				4999A20C180A506100270B0B /* OutletsTableViewController.h */,
				4999A20D180A506100270B0B /* OutletsTableViewController.m */,
				49669B0D180CECE200089254 /* MenuTableViewController.h */,
				49669B0E180CECE200089254 /* MenuTableViewController.m */,
				49CB796B180C631300F530C5 /* MenuViewController.h */,
				49CB796C180C631300F530C5 /* MenuViewController.m */,
				49CB796E180C68C500F530C5 /* AuthViewController.h */,
				49CB796F180C68C500F530C5 /* AuthViewController.m */,
				49CB7973180C6D9400F530C5 /* LoginViewController.h */,
				49CB7974180C6D9400F530C5 /* LoginViewController.m */,
			);
			name = ViewControllers;
			sourceTree = "<group>";
		};
		4999A20F180A50C300270B0B /* Models */ = {
			isa = PBXGroup;
			children = (
				4999A210180A50EC00270B0B /* Outlet.h */,
				4999A211180A50EC00270B0B /* Outlet.m */,
				49669B13180CED1D00089254 /* Dish.h */,
				49669B14180CED1D00089254 /* Dish.m */,
				49669B16180CED2D00089254 /* User.h */,
				49669B17180CED2D00089254 /* User.m */,
			);
			name = Models;
			sourceTree = "<group>";
		};
		4999A213180A741D00270B0B /* Views */ = {
			isa = PBXGroup;
			children = (
				4999A214180A744100270B0B /* URLImageView.h */,
				49044D1D180AD5AB0006F567 /* OutletCell.h */,
				49044D1E180AD5AB0006F567 /* OutletCell.m */,
				4989729D180C8C9F0090DA75 /* MenuListCell.h */,
				4989729E180C8C9F0090DA75 /* MenuListCell.m */,
				49669B19180CF2A000089254 /* MenuPhotoCell.h */,
				49669B1A180CF2A000089254 /* MenuPhotoCell.m */,
			);
			name = Views;
			sourceTree = "<group>";
		};
		49CAFC50180BB9DE0058C900 /* Images */ = {
			isa = PBXGroup;
			children = (
				49CB7971180C6C4000F530C5 /* icon_256px_unfilled.png */,
				497DD71B180C5B8600316138 /* bottom_buttons.png */,
				49164201180C590C00080B87 /* list_icon.png */,
				49164202180C590C00080B87 /* photo_icon.png */,
				491641FD180C58BB00080B87 /* gear.png */,
				491641FE180C58BB00080B87 /* home.png */,
				49CAFC51180BB9F10058C900 /* X-Large_278x44_glowy.png */,
			);
			name = Images;
			sourceTree = "<group>";
		};
		49F107D6180886D600D2C8DD = {
			isa = PBXGroup;
			children = (
				4999A215180A744100270B0B /* URLImageView.m */,
				49F107E8180886D600D2C8DD /* BigSpoonDiner */,
				49F1080A180886D600D2C8DD /* BigSpoonDinerTests */,
				49F107E1180886D600D2C8DD /* Frameworks */,
				49F107E0180886D600D2C8DD /* Products */,
			);
			sourceTree = "<group>";
		};
		49F107E0180886D600D2C8DD /* Products */ = {
			isa = PBXGroup;
			children = (
				49F107DF180886D600D2C8DD /* BigSpoonDiner.app */,
				49F10803180886D600D2C8DD /* BigSpoonDinerTests.xctest */,
			);
			name = Products;
			sourceTree = "<group>";
		};
		49F107E1180886D600D2C8DD /* Frameworks */ = {
			isa = PBXGroup;
			children = (
				4999A2061809518C00270B0B /* FacebookSDK.framework */,
				49F107E2180886D600D2C8DD /* Foundation.framework */,
				49F107E4180886D600D2C8DD /* CoreGraphics.framework */,
				49F107E6180886D600D2C8DD /* UIKit.framework */,
				49F10804180886D600D2C8DD /* XCTest.framework */,
			);
			name = Frameworks;
			sourceTree = "<group>";
		};
		49F107E8180886D600D2C8DD /* BigSpoonDiner */ = {
			isa = PBXGroup;
			children = (
				E9B7A28D180BF3EC009B6BD1 /* Custom Views */,
				49CAFC50180BB9DE0058C900 /* Images */,
				4999A213180A741D00270B0B /* Views */,
				4999A20F180A50C300270B0B /* Models */,
				4999A208180A4FCA00270B0B /* ViewControllers */,
				49F107F1180886D600D2C8DD /* AppDelegate.h */,
				49F107F2180886D600D2C8DD /* AppDelegate.m */,
				49F107F4180886D600D2C8DD /* Main.storyboard */,
				49F107FD180886D600D2C8DD /* Images.xcassets */,
				49F107E9180886D600D2C8DD /* Supporting Files */,
			);
			path = BigSpoonDiner;
			sourceTree = "<group>";
		};
		49F107E9180886D600D2C8DD /* Supporting Files */ = {
			isa = PBXGroup;
			children = (
				49F107EA180886D600D2C8DD /* BigSpoonDiner-Info.plist */,
				49F107EB180886D600D2C8DD /* InfoPlist.strings */,
				49F107EE180886D600D2C8DD /* main.m */,
				49F107F0180886D600D2C8DD /* BigSpoonDiner-Prefix.pch */,
			);
			name = "Supporting Files";
			sourceTree = "<group>";
		};
		49F1080A180886D600D2C8DD /* BigSpoonDinerTests */ = {
			isa = PBXGroup;
			children = (
				49F10810180886D600D2C8DD /* BigSpoonDinerTests.m */,
				49F1080B180886D600D2C8DD /* Supporting Files */,
			);
			path = BigSpoonDinerTests;
			sourceTree = "<group>";
		};
		49F1080B180886D600D2C8DD /* Supporting Files */ = {
			isa = PBXGroup;
			children = (
				49F1080C180886D600D2C8DD /* BigSpoonDinerTests-Info.plist */,
				49F1080D180886D600D2C8DD /* InfoPlist.strings */,
			);
			name = "Supporting Files";
			sourceTree = "<group>";
		};
		E9B7A28D180BF3EC009B6BD1 /* Custom Views */ = {
			isa = PBXGroup;
			children = (
				E9B7A29B180D3CA0009B6BD1 /* PastOrderView.h */,
				E9B7A29C180D3CA0009B6BD1 /* PastOrderView.m */,
				E9B7A29D180D3CA0009B6BD1 /* PastOrderView.xib */,
			);
			name = "Custom Views";
			sourceTree = "<group>";
		};
/* End PBXGroup section */

/* Begin PBXNativeTarget section */
		49F107DE180886D600D2C8DD /* BigSpoonDiner */ = {
			isa = PBXNativeTarget;
			buildConfigurationList = 49F10814180886D600D2C8DD /* Build configuration list for PBXNativeTarget "BigSpoonDiner" */;
			buildPhases = (
				49F107DB180886D600D2C8DD /* Sources */,
				49F107DC180886D600D2C8DD /* Frameworks */,
				49F107DD180886D600D2C8DD /* Resources */,
			);
			buildRules = (
			);
			dependencies = (
			);
			name = BigSpoonDiner;
			productName = BigSpoonDiner;
			productReference = 49F107DF180886D600D2C8DD /* BigSpoonDiner.app */;
			productType = "com.apple.product-type.application";
		};
		49F10802180886D600D2C8DD /* BigSpoonDinerTests */ = {
			isa = PBXNativeTarget;
			buildConfigurationList = 49F10817180886D600D2C8DD /* Build configuration list for PBXNativeTarget "BigSpoonDinerTests" */;
			buildPhases = (
				49F107FF180886D600D2C8DD /* Sources */,
				49F10800180886D600D2C8DD /* Frameworks */,
				49F10801180886D600D2C8DD /* Resources */,
			);
			buildRules = (
			);
			dependencies = (
				49F10809180886D600D2C8DD /* PBXTargetDependency */,
			);
			name = BigSpoonDinerTests;
			productName = BigSpoonDinerTests;
			productReference = 49F10803180886D600D2C8DD /* BigSpoonDinerTests.xctest */;
			productType = "com.apple.product-type.bundle.unit-test";
		};
/* End PBXNativeTarget section */

/* Begin PBXProject section */
		49F107D7180886D600D2C8DD /* Project object */ = {
			isa = PBXProject;
			attributes = {
				LastUpgradeCheck = 0500;
				ORGANIZATIONNAME = nus.cs3217;
				TargetAttributes = {
					49F107DE180886D600D2C8DD = {
						DevelopmentTeam = W76H98A34A;
					};
					49F10802180886D600D2C8DD = {
						TestTargetID = 49F107DE180886D600D2C8DD;
					};
				};
			};
			buildConfigurationList = 49F107DA180886D600D2C8DD /* Build configuration list for PBXProject "BigSpoonDiner" */;
			compatibilityVersion = "Xcode 3.2";
			developmentRegion = English;
			hasScannedForEncodings = 0;
			knownRegions = (
				en,
				Base,
			);
			mainGroup = 49F107D6180886D600D2C8DD;
			productRefGroup = 49F107E0180886D600D2C8DD /* Products */;
			projectDirPath = "";
			projectRoot = "";
			targets = (
				49F107DE180886D600D2C8DD /* BigSpoonDiner */,
				49F10802180886D600D2C8DD /* BigSpoonDinerTests */,
			);
		};
/* End PBXProject section */

/* Begin PBXResourcesBuildPhase section */
		49F107DD180886D600D2C8DD /* Resources */ = {
			isa = PBXResourcesBuildPhase;
			buildActionMask = 2147483647;
			files = (
				49CAFC52180BB9F10058C900 /* X-Large_278x44_glowy.png in Resources */,
				497DD71C180C5B8600316138 /* bottom_buttons.png in Resources */,
				49164203180C590C00080B87 /* list_icon.png in Resources */,
				491641FF180C58BB00080B87 /* gear.png in Resources */,
				49164204180C590C00080B87 /* photo_icon.png in Resources */,
				49164200180C58BB00080B87 /* home.png in Resources */,
				49F107FE180886D600D2C8DD /* Images.xcassets in Resources */,
				E9B7A29F180D3CA0009B6BD1 /* PastOrderView.xib in Resources */,
				49CB7972180C6C4000F530C5 /* icon_256px_unfilled.png in Resources */,
				49F107ED180886D600D2C8DD /* InfoPlist.strings in Resources */,
				49F107F6180886D600D2C8DD /* Main.storyboard in Resources */,
			);
			runOnlyForDeploymentPostprocessing = 0;
		};
		49F10801180886D600D2C8DD /* Resources */ = {
			isa = PBXResourcesBuildPhase;
			buildActionMask = 2147483647;
			files = (
				49F1080F180886D600D2C8DD /* InfoPlist.strings in Resources */,
			);
			runOnlyForDeploymentPostprocessing = 0;
		};
/* End PBXResourcesBuildPhase section */

/* Begin PBXSourcesBuildPhase section */
		49F107DB180886D600D2C8DD /* Sources */ = {
			isa = PBXSourcesBuildPhase;
			buildActionMask = 2147483647;
			files = (
				49669B18180CED2D00089254 /* User.m in Sources */,
				49669B15180CED1D00089254 /* Dish.m in Sources */,
				49CB7970180C68C500F530C5 /* AuthViewController.m in Sources */,
				49044D1F180AD5AB0006F567 /* OutletCell.m in Sources */,
				E951D784180EE285002BE045 /* OrderHistoryViewController.m in Sources */,
				E9B7A29E180D3CA0009B6BD1 /* PastOrderView.m in Sources */,
				4999A212180A50EC00270B0B /* Outlet.m in Sources */,
				4999A20E180A506100270B0B /* OutletsTableViewController.m in Sources */,
				49F107F3180886D600D2C8DD /* AppDelegate.m in Sources */,
				49669B1B180CF2A000089254 /* MenuPhotoCell.m in Sources */,
				49CB7975180C6D9400F530C5 /* LoginViewController.m in Sources */,
				49CB796D180C631300F530C5 /* MenuViewController.m in Sources */,
				4999A216180A744100270B0B /* URLImageView.m in Sources */,
				4989729F180C8C9F0090DA75 /* MenuListCell.m in Sources */,
				49F107EF180886D600D2C8DD /* main.m in Sources */,
				49669B0F180CECE200089254 /* MenuTableViewController.m in Sources */,
			);
			runOnlyForDeploymentPostprocessing = 0;
		};
		49F107FF180886D600D2C8DD /* Sources */ = {
			isa = PBXSourcesBuildPhase;
			buildActionMask = 2147483647;
			files = (
				49F10811180886D600D2C8DD /* BigSpoonDinerTests.m in Sources */,
			);
			runOnlyForDeploymentPostprocessing = 0;
		};
/* End PBXSourcesBuildPhase section */

/* Begin PBXTargetDependency section */
		49F10809180886D600D2C8DD /* PBXTargetDependency */ = {
			isa = PBXTargetDependency;
			target = 49F107DE180886D600D2C8DD /* BigSpoonDiner */;
			targetProxy = 49F10808180886D600D2C8DD /* PBXContainerItemProxy */;
		};
/* End PBXTargetDependency section */

/* Begin PBXVariantGroup section */
		49F107EB180886D600D2C8DD /* InfoPlist.strings */ = {
			isa = PBXVariantGroup;
			children = (
				49F107EC180886D600D2C8DD /* en */,
			);
			name = InfoPlist.strings;
			sourceTree = "<group>";
		};
		49F107F4180886D600D2C8DD /* Main.storyboard */ = {
			isa = PBXVariantGroup;
			children = (
				49F107F5180886D600D2C8DD /* Base */,
			);
			name = Main.storyboard;
			sourceTree = "<group>";
		};
		49F1080D180886D600D2C8DD /* InfoPlist.strings */ = {
			isa = PBXVariantGroup;
			children = (
				49F1080E180886D600D2C8DD /* en */,
			);
			name = InfoPlist.strings;
			sourceTree = "<group>";
		};
/* End PBXVariantGroup section */

/* Begin XCBuildConfiguration section */
		49F10812180886D600D2C8DD /* Debug */ = {
			isa = XCBuildConfiguration;
			buildSettings = {
				ALWAYS_SEARCH_USER_PATHS = NO;
				ARCHS = "$(ARCHS_STANDARD_INCLUDING_64_BIT)";
				CLANG_CXX_LANGUAGE_STANDARD = "gnu++0x";
				CLANG_CXX_LIBRARY = "libc++";
				CLANG_ENABLE_MODULES = YES;
				CLANG_ENABLE_OBJC_ARC = YES;
				CLANG_WARN_BOOL_CONVERSION = YES;
				CLANG_WARN_CONSTANT_CONVERSION = YES;
				CLANG_WARN_DIRECT_OBJC_ISA_USAGE = YES_ERROR;
				CLANG_WARN_EMPTY_BODY = YES;
				CLANG_WARN_ENUM_CONVERSION = YES;
				CLANG_WARN_INT_CONVERSION = YES;
				CLANG_WARN_OBJC_ROOT_CLASS = YES_ERROR;
				CLANG_WARN__DUPLICATE_METHOD_MATCH = YES;
				"CODE_SIGN_IDENTITY[sdk=iphoneos*]" = "iPhone Developer";
				COPY_PHASE_STRIP = NO;
				GCC_C_LANGUAGE_STANDARD = gnu99;
				GCC_DYNAMIC_NO_PIC = NO;
				GCC_OPTIMIZATION_LEVEL = 0;
				GCC_PREPROCESSOR_DEFINITIONS = (
					"DEBUG=1",
					"$(inherited)",
				);
				GCC_SYMBOLS_PRIVATE_EXTERN = NO;
				GCC_WARN_64_TO_32_BIT_CONVERSION = YES;
				GCC_WARN_ABOUT_RETURN_TYPE = YES_ERROR;
				GCC_WARN_UNDECLARED_SELECTOR = YES;
				GCC_WARN_UNINITIALIZED_AUTOS = YES;
				GCC_WARN_UNUSED_FUNCTION = YES;
				GCC_WARN_UNUSED_VARIABLE = YES;
				IPHONEOS_DEPLOYMENT_TARGET = 7.0;
				ONLY_ACTIVE_ARCH = YES;
				SDKROOT = iphoneos;
			};
			name = Debug;
		};
		49F10813180886D600D2C8DD /* Release */ = {
			isa = XCBuildConfiguration;
			buildSettings = {
				ALWAYS_SEARCH_USER_PATHS = NO;
				ARCHS = "$(ARCHS_STANDARD_INCLUDING_64_BIT)";
				CLANG_CXX_LANGUAGE_STANDARD = "gnu++0x";
				CLANG_CXX_LIBRARY = "libc++";
				CLANG_ENABLE_MODULES = YES;
				CLANG_ENABLE_OBJC_ARC = YES;
				CLANG_WARN_BOOL_CONVERSION = YES;
				CLANG_WARN_CONSTANT_CONVERSION = YES;
				CLANG_WARN_DIRECT_OBJC_ISA_USAGE = YES_ERROR;
				CLANG_WARN_EMPTY_BODY = YES;
				CLANG_WARN_ENUM_CONVERSION = YES;
				CLANG_WARN_INT_CONVERSION = YES;
				CLANG_WARN_OBJC_ROOT_CLASS = YES_ERROR;
				CLANG_WARN__DUPLICATE_METHOD_MATCH = YES;
				"CODE_SIGN_IDENTITY[sdk=iphoneos*]" = "iPhone Developer";
				COPY_PHASE_STRIP = YES;
				ENABLE_NS_ASSERTIONS = NO;
				GCC_C_LANGUAGE_STANDARD = gnu99;
				GCC_WARN_64_TO_32_BIT_CONVERSION = YES;
				GCC_WARN_ABOUT_RETURN_TYPE = YES_ERROR;
				GCC_WARN_UNDECLARED_SELECTOR = YES;
				GCC_WARN_UNINITIALIZED_AUTOS = YES;
				GCC_WARN_UNUSED_FUNCTION = YES;
				GCC_WARN_UNUSED_VARIABLE = YES;
				IPHONEOS_DEPLOYMENT_TARGET = 7.0;
				SDKROOT = iphoneos;
				VALIDATE_PRODUCT = YES;
			};
			name = Release;
		};
		49F10815180886D600D2C8DD /* Debug */ = {
			isa = XCBuildConfiguration;
			buildSettings = {
				ASSETCATALOG_COMPILER_APPICON_NAME = AppIcon;
				ASSETCATALOG_COMPILER_LAUNCHIMAGE_NAME = LaunchImage;
				CODE_SIGN_IDENTITY = "iPhone Developer";
				"CODE_SIGN_IDENTITY[sdk=iphoneos*]" = "iPhone Developer";
				FRAMEWORK_SEARCH_PATHS = (
					"$(inherited)",
					$SRCROOT/,
				);
				GCC_PRECOMPILE_PREFIX_HEADER = YES;
				GCC_PREFIX_HEADER = "BigSpoonDiner/BigSpoonDiner-Prefix.pch";
				INFOPLIST_FILE = "BigSpoonDiner/BigSpoonDiner-Info.plist";
				IPHONEOS_DEPLOYMENT_TARGET = 7.0;
				PRODUCT_NAME = "$(TARGET_NAME)";
				PROVISIONING_PROFILE = "";
				WRAPPER_EXTENSION = app;
			};
			name = Debug;
		};
		49F10816180886D600D2C8DD /* Release */ = {
			isa = XCBuildConfiguration;
			buildSettings = {
				ASSETCATALOG_COMPILER_APPICON_NAME = AppIcon;
				ASSETCATALOG_COMPILER_LAUNCHIMAGE_NAME = LaunchImage;
				CODE_SIGN_IDENTITY = "iPhone Developer";
				"CODE_SIGN_IDENTITY[sdk=iphoneos*]" = "iPhone Developer";
				FRAMEWORK_SEARCH_PATHS = (
					"$(inherited)",
					$SRCROOT/,
				);
				GCC_PRECOMPILE_PREFIX_HEADER = YES;
				GCC_PREFIX_HEADER = "BigSpoonDiner/BigSpoonDiner-Prefix.pch";
				INFOPLIST_FILE = "BigSpoonDiner/BigSpoonDiner-Info.plist";
				IPHONEOS_DEPLOYMENT_TARGET = 7.0;
				PRODUCT_NAME = "$(TARGET_NAME)";
				PROVISIONING_PROFILE = "";
				WRAPPER_EXTENSION = app;
			};
			name = Release;
		};
		49F10818180886D600D2C8DD /* Debug */ = {
			isa = XCBuildConfiguration;
			buildSettings = {
				ARCHS = "$(ARCHS_STANDARD_INCLUDING_64_BIT)";
				BUNDLE_LOADER = "$(BUILT_PRODUCTS_DIR)/BigSpoonDiner.app/BigSpoonDiner";
				FRAMEWORK_SEARCH_PATHS = (
					"$(SDKROOT)/Developer/Library/Frameworks",
					"$(inherited)",
					"$(DEVELOPER_FRAMEWORKS_DIR)",
				);
				GCC_PRECOMPILE_PREFIX_HEADER = YES;
				GCC_PREFIX_HEADER = "BigSpoonDiner/BigSpoonDiner-Prefix.pch";
				GCC_PREPROCESSOR_DEFINITIONS = (
					"DEBUG=1",
					"$(inherited)",
				);
				INFOPLIST_FILE = "BigSpoonDinerTests/BigSpoonDinerTests-Info.plist";
				PRODUCT_NAME = "$(TARGET_NAME)";
				TEST_HOST = "$(BUNDLE_LOADER)";
				WRAPPER_EXTENSION = xctest;
			};
			name = Debug;
		};
		49F10819180886D600D2C8DD /* Release */ = {
			isa = XCBuildConfiguration;
			buildSettings = {
				ARCHS = "$(ARCHS_STANDARD_INCLUDING_64_BIT)";
				BUNDLE_LOADER = "$(BUILT_PRODUCTS_DIR)/BigSpoonDiner.app/BigSpoonDiner";
				FRAMEWORK_SEARCH_PATHS = (
					"$(SDKROOT)/Developer/Library/Frameworks",
					"$(inherited)",
					"$(DEVELOPER_FRAMEWORKS_DIR)",
				);
				GCC_PRECOMPILE_PREFIX_HEADER = YES;
				GCC_PREFIX_HEADER = "BigSpoonDiner/BigSpoonDiner-Prefix.pch";
				INFOPLIST_FILE = "BigSpoonDinerTests/BigSpoonDinerTests-Info.plist";
				PRODUCT_NAME = "$(TARGET_NAME)";
				TEST_HOST = "$(BUNDLE_LOADER)";
				WRAPPER_EXTENSION = xctest;
			};
			name = Release;
		};
/* End XCBuildConfiguration section */

/* Begin XCConfigurationList section */
		49F107DA180886D600D2C8DD /* Build configuration list for PBXProject "BigSpoonDiner" */ = {
			isa = XCConfigurationList;
			buildConfigurations = (
				49F10812180886D600D2C8DD /* Debug */,
				49F10813180886D600D2C8DD /* Release */,
			);
			defaultConfigurationIsVisible = 0;
			defaultConfigurationName = Release;
		};
		49F10814180886D600D2C8DD /* Build configuration list for PBXNativeTarget "BigSpoonDiner" */ = {
			isa = XCConfigurationList;
			buildConfigurations = (
				49F10815180886D600D2C8DD /* Debug */,
				49F10816180886D600D2C8DD /* Release */,
			);
			defaultConfigurationIsVisible = 0;
			defaultConfigurationName = Release;
		};
		49F10817180886D600D2C8DD /* Build configuration list for PBXNativeTarget "BigSpoonDinerTests" */ = {
			isa = XCConfigurationList;
			buildConfigurations = (
				49F10818180886D600D2C8DD /* Debug */,
				49F10819180886D600D2C8DD /* Release */,
			);
			defaultConfigurationIsVisible = 0;
			defaultConfigurationName = Release;
		};
/* End XCConfigurationList section */
	};
	rootObject = 49F107D7180886D600D2C8DD /* Project object */;
}
